
Microsoft Visual Studio Solution File, Format Version 12.00
# Visual Studio Version 16
VisualStudioVersion = 16.0.32228.343
MinimumVisualStudioVersion = 10.0.40219.1
Project("{FAE04EC0-301F-11D3-BF4B-00C04F79EFBC}") = "GLAZKISAVE", "GLAZKISAVE\GLAZKISAVE.csproj", "{259A8D96-EE9D-4C76-A74D-B55D890CCBA2}"
EndProject
Global
	GlobalSection(SolutionConfigurationPlatforms) = preSolution
		Debug|Any CPU = Debug|Any CPU
		Release|Any CPU = Release|Any CPU
	EndGlobalSection
	GlobalSection(ProjectConfigurationPlatforms) = postSolution
		{259A8D96-EE9D-4C76-A74D-B55D890CCBA2}.Debug|Any CPU.ActiveCfg = Debug|Any CPU
		{259A8D96-EE9D-4C76-A74D-B55D890CCBA2}.Debug|Any CPU.Build.0 = Debug|Any CPU
		{259A8D96-EE9D-4C76-A74D-B55D890CCBA2}.Release|Any CPU.ActiveCfg = Release|Any CPU
		{259A8D96-EE9D-4C76-A74D-B55D890CCBA2}.Release|Any CPU.Build.0 = Release|Any CPU
	EndGlobalSection
	GlobalSection(SolutionProperties) = preSolution
		HideSolutionNode = FALSE
	EndGlobalSection
	GlobalSection(ExtensibilityGlobals) = postSolution
		SolutionGuid = {15B70B25-056C-450D-90FB-BBB564171C47}
	EndGlobalSection
EndGlobal
